// !$*UTF8*$!
{
	archiveVersion = 1;
	classes = {
	};
	objectVersion = 50;
	objects = {

/* Begin PBXBuildFile section */
		7378652F25182A3400798FED /* AppDelegate.m in Sources */ = {isa = PBXBuildFile; fileRef = 7378652E25182A3400798FED /* AppDelegate.m */; };
		7378653125182A3600798FED /* Assets.xcassets in Resources */ = {isa = PBXBuildFile; fileRef = 7378653025182A3600798FED /* Assets.xcassets */; };
		7378653425182A3600798FED /* MainMenu.xib in Resources */ = {isa = PBXBuildFile; fileRef = 7378653225182A3600798FED /* MainMenu.xib */; };
		7378653725182A3600798FED /* main.m in Sources */ = {isa = PBXBuildFile; fileRef = 7378653625182A3600798FED /* main.m */; };
		7378654125182BD100798FED /* MainWindowController.m in Sources */ = {isa = PBXBuildFile; fileRef = 7378653F25182BD100798FED /* MainWindowController.m */; };
		7378654225182BD100798FED /* MainWindowController.xib in Resources */ = {isa = PBXBuildFile; fileRef = 7378654025182BD100798FED /* MainWindowController.xib */; };
		7378654525182D2F00798FED /* LabelPageView.m in Sources */ = {isa = PBXBuildFile; fileRef = 7378654425182D2F00798FED /* LabelPageView.m */; };
		7378654825182D5700798FED /* MailingAddress.m in Sources */ = {isa = PBXBuildFile; fileRef = 7378654725182D5700798FED /* MailingAddress.m */; };
		739A51DA251C4FA700B031A9 /* SLBPrintPanel.m in Sources */ = {isa = PBXBuildFile; fileRef = 739A51D9251C4FA700B031A9 /* SLBPrintPanel.m */; };
		739A51E5251C737B00B031A9 /* README.md in Resources */ = {isa = PBXBuildFile; fileRef = 739A51E4251C737B00B031A9 /* README.md */; };
/* End PBXBuildFile section */

/* Begin PBXFileReference section */
		7378652A25182A3400798FED /* ScratchLabels.app */ = {isa = PBXFileReference; explicitFileType = wrapper.application; includeInIndex = 0; path = ScratchLabels.app; sourceTree = BUILT_PRODUCTS_DIR; };
		7378652D25182A3400798FED /* AppDelegate.h */ = {isa = PBXFileReference; lastKnownFileType = sourcecode.c.h; path = AppDelegate.h; sourceTree = "<group>"; };
		7378652E25182A3400798FED /* AppDelegate.m */ = {isa = PBXFileReference; lastKnownFileType = sourcecode.c.objc; path = AppDelegate.m; sourceTree = "<group>"; };
		7378653025182A3600798FED /* Assets.xcassets */ = {isa = PBXFileReference; lastKnownFileType = folder.assetcatalog; path = Assets.xcassets; sourceTree = "<group>"; };
		7378653325182A3600798FED /* Base */ = {isa = PBXFileReference; lastKnownFileType = file.xib; name = Base; path = Base.lproj/MainMenu.xib; sourceTree = "<group>"; };
		7378653525182A3600798FED /* Info.plist */ = {isa = PBXFileReference; lastKnownFileType = text.plist.xml; path = Info.plist; sourceTree = "<group>"; };
		7378653625182A3600798FED /* main.m */ = {isa = PBXFileReference; lastKnownFileType = sourcecode.c.objc; path = main.m; sourceTree = "<group>"; };
		7378653825182A3600798FED /* ScratchLabels.entitlements */ = {isa = PBXFileReference; lastKnownFileType = text.plist.entitlements; path = ScratchLabels.entitlements; sourceTree = "<group>"; };
		7378653E25182BD100798FED /* MainWindowController.h */ = {isa = PBXFileReference; lastKnownFileType = sourcecode.c.h; path = MainWindowController.h; sourceTree = "<group>"; };
		7378653F25182BD100798FED /* MainWindowController.m */ = {isa = PBXFileReference; lastKnownFileType = sourcecode.c.objc; path = MainWindowController.m; sourceTree = "<group>"; };
		7378654025182BD100798FED /* MainWindowController.xib */ = {isa = PBXFileReference; lastKnownFileType = file.xib; path = MainWindowController.xib; sourceTree = "<group>"; };
		7378654325182D2F00798FED /* LabelPageView.h */ = {isa = PBXFileReference; lastKnownFileType = sourcecode.c.h; path = LabelPageView.h; sourceTree = "<group>"; };
		7378654425182D2F00798FED /* LabelPageView.m */ = {isa = PBXFileReference; lastKnownFileType = sourcecode.c.objc; path = LabelPageView.m; sourceTree = "<group>"; };
		7378654625182D5700798FED /* MailingAddress.h */ = {isa = PBXFileReference; lastKnownFileType = sourcecode.c.h; path = MailingAddress.h; sourceTree = "<group>"; };
		7378654725182D5700798FED /* MailingAddress.m */ = {isa = PBXFileReference; lastKnownFileType = sourcecode.c.objc; path = MailingAddress.m; sourceTree = "<group>"; };
		739A51D6251B140E00B031A9 /* ApplicationServices.framework */ = {isa = PBXFileReference; lastKnownFileType = wrapper.framework; name = ApplicationServices.framework; path = System/Library/Frameworks/ApplicationServices.framework; sourceTree = SDKROOT; };
		739A51D8251C4FA700B031A9 /* SLBPrintPanel.h */ = {isa = PBXFileReference; lastKnownFileType = sourcecode.c.h; path = SLBPrintPanel.h; sourceTree = "<group>"; };
		739A51D9251C4FA700B031A9 /* SLBPrintPanel.m */ = {isa = PBXFileReference; lastKnownFileType = sourcecode.c.objc; path = SLBPrintPanel.m; sourceTree = "<group>"; };
		739A51E4251C737B00B031A9 /* README.md */ = {isa = PBXFileReference; fileEncoding = 4; lastKnownFileType = net.daringfireball.markdown; path = README.md; sourceTree = "<group>"; };
/* End PBXFileReference section */

/* Begin PBXFrameworksBuildPhase section */
		7378652725182A3400798FED /* Frameworks */ = {
			isa = PBXFrameworksBuildPhase;
			buildActionMask = 2147483647;
			files = (
			);
			runOnlyForDeploymentPostprocessing = 0;
		};
/* End PBXFrameworksBuildPhase section */

/* Begin PBXGroup section */
		7378652125182A3400798FED = {
			isa = PBXGroup;
			children = (
				739A51E4251C737B00B031A9 /* README.md */,
				7378652C25182A3400798FED /* ScratchLabels */,
				7378652B25182A3400798FED /* Products */,
				739A51D5251B140D00B031A9 /* Frameworks */,
			);
			sourceTree = "<group>";
		};
		7378652B25182A3400798FED /* Products */ = {
			isa = PBXGroup;
			children = (
				7378652A25182A3400798FED /* ScratchLabels.app */,
			);
			name = Products;
			sourceTree = "<group>";
		};
		7378652C25182A3400798FED /* ScratchLabels */ = {
			isa = PBXGroup;
			children = (
				7378652D25182A3400798FED /* AppDelegate.h */,
				7378652E25182A3400798FED /* AppDelegate.m */,
				7378654625182D5700798FED /* MailingAddress.h */,
				7378654725182D5700798FED /* MailingAddress.m */,
				7378654325182D2F00798FED /* LabelPageView.h */,
				7378654425182D2F00798FED /* LabelPageView.m */,
				739A51D8251C4FA700B031A9 /* SLBPrintPanel.h */,
				739A51D9251C4FA700B031A9 /* SLBPrintPanel.m */,
				7378653E25182BD100798FED /* MainWindowController.h */,
				7378653F25182BD100798FED /* MainWindowController.m */,
				7378654025182BD100798FED /* MainWindowController.xib */,
				7378653025182A3600798FED /* Assets.xcassets */,
				7378653225182A3600798FED /* MainMenu.xib */,
				7378653525182A3600798FED /* Info.plist */,
				7378653625182A3600798FED /* main.m */,
				7378653825182A3600798FED /* ScratchLabels.entitlements */,
			);
			path = ScratchLabels;
			sourceTree = "<group>";
		};
		739A51D5251B140D00B031A9 /* Frameworks */ = {
			isa = PBXGroup;
			children = (
				739A51D6251B140E00B031A9 /* ApplicationServices.framework */,
			);
			name = Frameworks;
			sourceTree = "<group>";
		};
/* End PBXGroup section */

/* Begin PBXNativeTarget section */
		7378652925182A3400798FED /* ScratchLabels */ = {
			isa = PBXNativeTarget;
			buildConfigurationList = 7378653B25182A3600798FED /* Build configuration list for PBXNativeTarget "ScratchLabels" */;
			buildPhases = (
				7378652625182A3400798FED /* Sources */,
				7378652725182A3400798FED /* Frameworks */,
				7378652825182A3400798FED /* Resources */,
			);
			buildRules = (
			);
			dependencies = (
			);
			name = ScratchLabels;
			productName = ScratchLabels;
			productReference = 7378652A25182A3400798FED /* ScratchLabels.app */;
			productType = "com.apple.product-type.application";
		};
/* End PBXNativeTarget section */

/* Begin PBXProject section */
		7378652225182A3400798FED /* Project object */ = {
			isa = PBXProject;
			attributes = {
				LastUpgradeCheck = 1200;
				TargetAttributes = {
					7378652925182A3400798FED = {
						CreatedOnToolsVersion = 12.0;
					};
				};
			};
			buildConfigurationList = 7378652525182A3400798FED /* Build configuration list for PBXProject "ScratchLabels" */;
			compatibilityVersion = "Xcode 9.3";
			developmentRegion = en;
			hasScannedForEncodings = 0;
			knownRegions = (
				en,
				Base,
			);
			mainGroup = 7378652125182A3400798FED;
			productRefGroup = 7378652B25182A3400798FED /* Products */;
			projectDirPath = "";
			projectRoot = "";
			targets = (
				7378652925182A3400798FED /* ScratchLabels */,
			);
		};
/* End PBXProject section */

/* Begin PBXResourcesBuildPhase section */
		7378652825182A3400798FED /* Resources */ = {
			isa = PBXResourcesBuildPhase;
			buildActionMask = 2147483647;
			files = (
				7378653125182A3600798FED /* Assets.xcassets in Resources */,
				7378654225182BD100798FED /* MainWindowController.xib in Resources */,
				739A51E5251C737B00B031A9 /* README.md in Resources */,
				7378653425182A3600798FED /* MainMenu.xib in Resources */,
			);
			runOnlyForDeploymentPostprocessing = 0;
		};
/* End PBXResourcesBuildPhase section */

/* Begin PBXSourcesBuildPhase section */
		7378652625182A3400798FED /* Sources */ = {
			isa = PBXSourcesBuildPhase;
			buildActionMask = 2147483647;
			files = (
				739A51DA251C4FA700B031A9 /* SLBPrintPanel.m in Sources */,
				7378654125182BD100798FED /* MainWindowController.m in Sources */,
				7378653725182A3600798FED /* main.m in Sources */,
				7378654525182D2F00798FED /* LabelPageView.m in Sources */,
				7378652F25182A3400798FED /* AppDelegate.m in Sources */,
				7378654825182D5700798FED /* MailingAddress.m in Sources */,
			);
			runOnlyForDeploymentPostprocessing = 0;
		};
/* End PBXSourcesBuildPhase section */

/* Begin PBXVariantGroup section */
		7378653225182A3600798FED /* MainMenu.xib */ = {
			isa = PBXVariantGroup;
			children = (
				7378653325182A3600798FED /* Base */,
			);
			name = MainMenu.xib;
			sourceTree = "<group>";
		};
/* End PBXVariantGroup section */

/* Begin XCBuildConfiguration section */
		7378653925182A3600798FED /* Debug */ = {
			isa = XCBuildConfiguration;
			buildSettings = {
				ALWAYS_SEARCH_USER_PATHS = NO;
				CLANG_ANALYZER_NONNULL = YES;
				CLANG_ANALYZER_NUMBER_OBJECT_CONVERSION = YES_AGGRESSIVE;
				CLANG_CXX_LANGUAGE_STANDARD = "gnu++14";
				CLANG_CXX_LIBRARY = "libc++";
				CLANG_ENABLE_MODULES = YES;
				CLANG_ENABLE_OBJC_ARC = YES;
				CLANG_ENABLE_OBJC_WEAK = YES;
				CLANG_WARN_BLOCK_CAPTURE_AUTORELEASING = YES;
				CLANG_WARN_BOOL_CONVERSION = YES;
				CLANG_WARN_COMMA = YES;
				CLANG_WARN_CONSTANT_CONVERSION = YES;
				CLANG_WARN_DEPRECATED_OBJC_IMPLEMENTATIONS = YES;
				CLANG_WARN_DIRECT_OBJC_ISA_USAGE = YES_ERROR;
				CLANG_WARN_DOCUMENTATION_COMMENTS = YES;
				CLANG_WARN_EMPTY_BODY = YES;
				CLANG_WARN_ENUM_CONVERSION = YES;
				CLANG_WARN_INFINITE_RECURSION = YES;
				CLANG_WARN_INT_CONVERSION = YES;
				CLANG_WARN_NON_LITERAL_NULL_CONVERSION = YES;
				CLANG_WARN_OBJC_IMPLICIT_RETAIN_SELF = YES;
				CLANG_WARN_OBJC_LITERAL_CONVERSION = YES;
				CLANG_WARN_OBJC_ROOT_CLASS = YES_ERROR;
				CLANG_WARN_QUOTED_INCLUDE_IN_FRAMEWORK_HEADER = YES;
				CLANG_WARN_RANGE_LOOP_ANALYSIS = YES;
				CLANG_WARN_STRICT_PROTOTYPES = YES;
				CLANG_WARN_SUSPICIOUS_MOVE = YES;
				CLANG_WARN_UNGUARDED_AVAILABILITY = YES_AGGRESSIVE;
				CLANG_WARN_UNREACHABLE_CODE = YES;
				CLANG_WARN__DUPLICATE_METHOD_MATCH = YES;
				COPY_PHASE_STRIP = NO;
				DEBUG_INFORMATION_FORMAT = dwarf;
				ENABLE_STRICT_OBJC_MSGSEND = YES;
				ENABLE_TESTABILITY = YES;
				GCC_C_LANGUAGE_STANDARD = gnu11;
				GCC_DYNAMIC_NO_PIC = NO;
				GCC_NO_COMMON_BLOCKS = YES;
				GCC_OPTIMIZATION_LEVEL = 0;
				GCC_PREPROCESSOR_DEFINITIONS = (
					"DEBUG=1",
					"$(inherited)",
				);
				GCC_WARN_64_TO_32_BIT_CONVERSION = YES;
				GCC_WARN_ABOUT_RETURN_TYPE = YES_ERROR;
				GCC_WARN_UNDECLARED_SELECTOR = YES;
				GCC_WARN_UNINITIALIZED_AUTOS = YES_AGGRESSIVE;
				GCC_WARN_UNUSED_FUNCTION = YES;
				GCC_WARN_UNUSED_VARIABLE = YES;
				MACOSX_DEPLOYMENT_TARGET = 11.0;
				MTL_ENABLE_DEBUG_INFO = INCLUDE_SOURCE;
				MTL_FAST_MATH = YES;
				ONLY_ACTIVE_ARCH = YES;
				SDKROOT = macosx;
			};
			name = Debug;
		};
		7378653A25182A3600798FED /* Release */ = {
			isa = XCBuildConfiguration;
			buildSettings = {
				ALWAYS_SEARCH_USER_PATHS = NO;
				CLANG_ANALYZER_NONNULL = YES;
				CLANG_ANALYZER_NUMBER_OBJECT_CONVERSION = YES_AGGRESSIVE;
				CLANG_CXX_LANGUAGE_STANDARD = "gnu++14";
				CLANG_CXX_LIBRARY = "libc++";
				CLANG_ENABLE_MODULES = YES;
				CLANG_ENABLE_OBJC_ARC = YES;
				CLANG_ENABLE_OBJC_WEAK = YES;
				CLANG_WARN_BLOCK_CAPTURE_AUTORELEASING = YES;
				CLANG_WARN_BOOL_CONVERSION = YES;
				CLANG_WARN_COMMA = YES;
				CLANG_WARN_CONSTANT_CONVERSION = YES;
				CLANG_WARN_DEPRECATED_OBJC_IMPLEMENTATIONS = YES;
				CLANG_WARN_DIRECT_OBJC_ISA_USAGE = YES_ERROR;
				CLANG_WARN_DOCUMENTATION_COMMENTS = YES;
				CLANG_WARN_EMPTY_BODY = YES;
				CLANG_WARN_ENUM_CONVERSION = YES;
				CLANG_WARN_INFINITE_RECURSION = YES;
				CLANG_WARN_INT_CONVERSION = YES;
				CLANG_WARN_NON_LITERAL_NULL_CONVERSION = YES;
				CLANG_WARN_OBJC_IMPLICIT_RETAIN_SELF = YES;
				CLANG_WARN_OBJC_LITERAL_CONVERSION = YES;
				CLANG_WARN_OBJC_ROOT_CLASS = YES_ERROR;
				CLANG_WARN_QUOTED_INCLUDE_IN_FRAMEWORK_HEADER = YES;
				CLANG_WARN_RANGE_LOOP_ANALYSIS = YES;
				CLANG_WARN_STRICT_PROTOTYPES = YES;
				CLANG_WARN_SUSPICIOUS_MOVE = YES;
				CLANG_WARN_UNGUARDED_AVAILABILITY = YES_AGGRESSIVE;
				CLANG_WARN_UNREACHABLE_CODE = YES;
				CLANG_WARN__DUPLICATE_METHOD_MATCH = YES;
				COPY_PHASE_STRIP = NO;
				DEBUG_INFORMATION_FORMAT = "dwarf-with-dsym";
				ENABLE_NS_ASSERTIONS = NO;
				ENABLE_STRICT_OBJC_MSGSEND = YES;
				GCC_C_LANGUAGE_STANDARD = gnu11;
				GCC_NO_COMMON_BLOCKS = YES;
				GCC_WARN_64_TO_32_BIT_CONVERSION = YES;
				GCC_WARN_ABOUT_RETURN_TYPE = YES_ERROR;
				GCC_WARN_UNDECLARED_SELECTOR = YES;
				GCC_WARN_UNINITIALIZED_AUTOS = YES_AGGRESSIVE;
				GCC_WARN_UNUSED_FUNCTION = YES;
				GCC_WARN_UNUSED_VARIABLE = YES;
				MACOSX_DEPLOYMENT_TARGET = 11.0;
				MTL_ENABLE_DEBUG_INFO = NO;
				MTL_FAST_MATH = YES;
				SDKROOT = macosx;
			};
			name = Release;
		};
		7378653C25182A3600798FED /* Debug */ = {
			isa = XCBuildConfiguration;
			buildSettings = {
				ASSETCATALOG_COMPILER_APPICON_NAME = AppIcon;
				ASSETCATALOG_COMPILER_GLOBAL_ACCENT_COLOR_NAME = AccentColor;
				CODE_SIGN_ENTITLEMENTS = ScratchLabels/ScratchLabels.entitlements;
				CODE_SIGN_STYLE = Automatic;
				COMBINE_HIDPI_IMAGES = YES;
				INFOPLIST_FILE = ScratchLabels/Info.plist;
				LD_RUNPATH_SEARCH_PATHS = (
					"$(inherited)",
					"@executable_path/../Frameworks",
				);
				PRODUCT_BUNDLE_IDENTIFIER = com.appkido.ScratchLabels;
				PRODUCT_NAME = "$(TARGET_NAME)";
			};
			name = Debug;
		};
		7378653D25182A3600798FED /* Release */ = {
			isa = XCBuildConfiguration;
			buildSettings = {
				ASSETCATALOG_COMPILER_APPICON_NAME = AppIcon;
				ASSETCATALOG_COMPILER_GLOBAL_ACCENT_COLOR_NAME = AccentColor;
				CODE_SIGN_ENTITLEMENTS = ScratchLabels/ScratchLabels.entitlements;
				CODE_SIGN_STYLE = Automatic;
				COMBINE_HIDPI_IMAGES = YES;
				INFOPLIST_FILE = ScratchLabels/Info.plist;
				LD_RUNPATH_SEARCH_PATHS = (
					"$(inherited)",
					"@executable_path/../Frameworks",
				);
				PRODUCT_BUNDLE_IDENTIFIER = com.appkido.ScratchLabels;
				PRODUCT_NAME = "$(TARGET_NAME)";
			};
			name = Release;
		};
/* End XCBuildConfiguration section */

/* Begin XCConfigurationList section */
		7378652525182A3400798FED /* Build configuration list for PBXProject "ScratchLabels" */ = {
			isa = XCConfigurationList;
			buildConfigurations = (
				7378653925182A3600798FED /* Debug */,
				7378653A25182A3600798FED /* Release */,
			);
			defaultConfigurationIsVisible = 0;
			defaultConfigurationName = Release;
		};
		7378653B25182A3600798FED /* Build configuration list for PBXNativeTarget "ScratchLabels" */ = {
			isa = XCConfigurationList;
			buildConfigurations = (
				7378653C25182A3600798FED /* Debug */,
				7378653D25182A3600798FED /* Release */,
			);
			defaultConfigurationIsVisible = 0;
			defaultConfigurationName = Release;
		};
/* End XCConfigurationList section */
	};
	rootObject = 7378652225182A3400798FED /* Project object */;
}
